github.com/dev-mkrause/mk-toha/v4 v4.0.0-20240509100408-cb0a73f12534 h1:7DhOPy8/xvFSerpWNVx+ibxsMfXYuRxg3LbM0xZ71FQ=
github.com/dev-mkrause/mk-toha/v4 v4.0.0-20240509100408-cb0a73f12534/go.mod h1:2b3g7xRMCNpr2Ubjyntav4LcFJPUXEJ6YhudMwBBjd4=
github.com/dev-mkrause/mk-toha/v4 v4.0.0-20240511094155-2b33f9ac566d h1:GUR6tRKpc9kKman5llyf0O0W9IALrEb0R8BX8fsNqu0=
github.com/dev-mkrause/mk-toha/v4 v4.0.0-20240511094155-2b33f9ac566d/go.mod h1:2b3g7xRMCNpr2Ubjyntav4LcFJPUXEJ6YhudMwBBjd4=
github.com/dev-mkrause/mk-toha/v4 v4.0.0-20240511103317-65cad1ed61aa h1:UxMWgOM49A9HbYkefu6qhsTx8RQQtY0Hwkoa2AhAHHk=
github.com/dev-mkrause/mk-toha/v4 v4.0.0-20240511103317-65cad1ed61aa/go.mod h1:2b3g7xRMCNpr2Ubjyntav4LcFJPUXEJ6YhudMwBBjd4=
github.com/dev-mkrause/mk-toha/v4 v4.0.0-20240511113623-19585cac2fea h1:rnfauQNqQmpOEU6kcJJGLvifShEVLkEmPDJyunFFyAU=
github.com/dev-mkrause/mk-toha/v4 v4.0.0-20240511113623-19585cac2fea/go.mod h1:2b3g7xRMCNpr2Ubjyntav4LcFJPUXEJ6YhudMwBBjd4=
